
Microsoft Visual Studio Solution File, Format Version 12.00
# Visual Studio Version 17
VisualStudioVersion = 17.3.32901.215
MinimumVisualStudioVersion = 10.0.40219.1
Project("{FAE04EC0-301F-11D3-BF4B-00C04F79EFBC}") = "SocialClassCollection", "SocialClassCollection\SocialClassCollection.csproj", "{B6BCEE04-C792-4EBF-8816-C83CA3FB1313}"
EndProject
Project("{FAE04EC0-301F-11D3-BF4B-00C04F79EFBC}") = "DataExtensions", "DataExtensions\DataExtensions.csproj", "{FDFB9240-D822-4AC8-B0BA-E9CA95894723}"
EndProject
Project("{FAE04EC0-301F-11D3-BF4B-00C04F79EFBC}") = "E2EEncryption", "E2EEncryption\E2EEncryption.csproj", "{2FAB6EEA-01A1-49B4-8E54-47468DC96CD1}"
EndProject
Global
	GlobalSection(SolutionConfigurationPlatforms) = preSolution
		Debug|Any CPU = Debug|Any CPU
		Release|Any CPU = Release|Any CPU
	EndGlobalSection
	GlobalSection(ProjectConfigurationPlatforms) = postSolution
		{B6BCEE04-C792-4EBF-8816-C83CA3FB1313}.Debug|Any CPU.ActiveCfg = Debug|Any CPU
		{B6BCEE04-C792-4EBF-8816-C83CA3FB1313}.Debug|Any CPU.Build.0 = Debug|Any CPU
		{B6BCEE04-C792-4EBF-8816-C83CA3FB1313}.Release|Any CPU.ActiveCfg = Release|Any CPU
		{B6BCEE04-C792-4EBF-8816-C83CA3FB1313}.Release|Any CPU.Build.0 = Release|Any CPU
		{FDFB9240-D822-4AC8-B0BA-E9CA95894723}.Debug|Any CPU.ActiveCfg = Debug|Any CPU
		{FDFB9240-D822-4AC8-B0BA-E9CA95894723}.Debug|Any CPU.Build.0 = Debug|Any CPU
		{FDFB9240-D822-4AC8-B0BA-E9CA95894723}.Release|Any CPU.ActiveCfg = Release|Any CPU
		{FDFB9240-D822-4AC8-B0BA-E9CA95894723}.Release|Any CPU.Build.0 = Release|Any CPU
		{2FAB6EEA-01A1-49B4-8E54-47468DC96CD1}.Debug|Any CPU.ActiveCfg = Debug|Any CPU
		{2FAB6EEA-01A1-49B4-8E54-47468DC96CD1}.Debug|Any CPU.Build.0 = Debug|Any CPU
		{2FAB6EEA-01A1-49B4-8E54-47468DC96CD1}.Release|Any CPU.ActiveCfg = Release|Any CPU
		{2FAB6EEA-01A1-49B4-8E54-47468DC96CD1}.Release|Any CPU.Build.0 = Release|Any CPU
	EndGlobalSection
	GlobalSection(SolutionProperties) = preSolution
		HideSolutionNode = FALSE
	EndGlobalSection
	GlobalSection(ExtensibilityGlobals) = postSolution
		SolutionGuid = {44463DE0-B0FE-4F1C-AED1-40BF15A46840}
	EndGlobalSection
EndGlobal
